
Microsoft Visual Studio Solution File, Format Version 12.00
# Visual Studio Version 17
VisualStudioVersion = 17.12.35707.178 d17.12
MinimumVisualStudioVersion = 10.0.40219.1
Project("{FAE04EC0-301F-11D3-BF4B-00C04F79EFBC}") = "BarcodeReader.UI", "BarcodeReader.UI.csproj", "{3E8C2266-2CB9-48E0-AC88-1D249A521B93}"
EndProject
Project("{FAE04EC0-301F-11D3-BF4B-00C04F79EFBC}") = "BarcodeReader.BLL", "..\BarcodeReader.BLL\BarcodeReader.BLL\BarcodeReader.BLL.csproj", "{12A75E8D-E964-4D43-8A41-EB5BF2AA94C2}"
EndProject
Global
	GlobalSection(SolutionConfigurationPlatforms) = preSolution
		Debug|Any CPU = Debug|Any CPU
		Release|Any CPU = Release|Any CPU
	EndGlobalSection
	GlobalSection(ProjectConfigurationPlatforms) = postSolution
		{3E8C2266-2CB9-48E0-AC88-1D249A521B93}.Debug|Any CPU.ActiveCfg = Debug|Any CPU
		{3E8C2266-2CB9-48E0-AC88-1D249A521B93}.Debug|Any CPU.Build.0 = Debug|Any CPU
		{3E8C2266-2CB9-48E0-AC88-1D249A521B93}.Release|Any CPU.ActiveCfg = Release|Any CPU
		{3E8C2266-2CB9-48E0-AC88-1D249A521B93}.Release|Any CPU.Build.0 = Release|Any CPU
		{12A75E8D-E964-4D43-8A41-EB5BF2AA94C2}.Debug|Any CPU.ActiveCfg = Debug|Any CPU
		{12A75E8D-E964-4D43-8A41-EB5BF2AA94C2}.Debug|Any CPU.Build.0 = Debug|Any CPU
		{12A75E8D-E964-4D43-8A41-EB5BF2AA94C2}.Release|Any CPU.ActiveCfg = Release|Any CPU
		{12A75E8D-E964-4D43-8A41-EB5BF2AA94C2}.Release|Any CPU.Build.0 = Release|Any CPU
	EndGlobalSection
	GlobalSection(SolutionProperties) = preSolution
		HideSolutionNode = FALSE
	EndGlobalSection
EndGlobal
